{
  "name": "dsxa_assistant_vscode_ext",
  "version": "0.1.0",
  "lockfileVersion": 3,
  "requires": true,
  "packages": {
    "": {
      "name": "dsxa_assistant_vscode_ext",
      "version": "0.1.0",
      "dependencies": {
        "@deep-instinct/dsxa-sdk-js": "file:../dsxa_sdk_js"
      },
      "engines": {
        "vscode": "^1.90.0"
      }
    },
    "../dsxa_sdk_js": {
      "version": "0.2.3",
      "license": "Apache-2.0",
      "bin": {
        "dsxa-node": "src/cli.mjs"
      }
    },
    "node_modules/@deep-instinct/dsxa-sdk-js": {
      "resolved": "../dsxa_sdk_js",
      "link": true
    }
  }
}
